
Microsoft Visual Studio Solution File, Format Version 12.00
# Visual Studio Version 17
VisualStudioVersion = 17.14.36623.8 d17.14
MinimumVisualStudioVersion = 10.0.40219.1
Project("{2150E333-8FDC-42A3-9474-1A3956D46DE8}") = "Task0", "Task0", "{02EA681E-C7D8-13C7-8484-4AC65E1B71E8}"
EndProject
Project("{FAE04EC0-301F-11D3-BF4B-00C04F79EFBC}") = "Tyuiu.IvanovSV.Sprint5.Task0.V5", "Tyuiu.IvanovSV.Sprint5.Task0.V5\Tyuiu.IvanovSV.Sprint5.Task0.V5.csproj", "{778D3235-6638-4FD2-A324-41A3971E741F}"
EndProject
Project("{FAE04EC0-301F-11D3-BF4B-00C04F79EFBC}") = "Tyuiu.IvanovSV.Sprint5.Task0.V5.Lib", "Tyuiu.IvanovSV.Sprint5.Task0.V5.Lib\Tyuiu.IvanovSV.Sprint5.Task0.V5.Lib.csproj", "{01DBE930-712B-4BFB-BF5D-FA144E8B64E4}"
EndProject
Project("{FAE04EC0-301F-11D3-BF4B-00C04F79EFBC}") = "Tyuiu.IvanovSV.Sprint5.Task0.V5.Test", "Tyuiu.IvanovSV.Sprint5.Task0.V5.Test\Tyuiu.IvanovSV.Sprint5.Task0.V5.Test.csproj", "{3CDE2FDC-EE61-4FBA-B471-6DEC0A286609}"
EndProject
Global
	GlobalSection(SolutionConfigurationPlatforms) = preSolution
		Debug|Any CPU = Debug|Any CPU
		Release|Any CPU = Release|Any CPU
	EndGlobalSection
	GlobalSection(ProjectConfigurationPlatforms) = postSolution
		{778D3235-6638-4FD2-A324-41A3971E741F}.Debug|Any CPU.ActiveCfg = Debug|Any CPU
		{778D3235-6638-4FD2-A324-41A3971E741F}.Debug|Any CPU.Build.0 = Debug|Any CPU
		{778D3235-6638-4FD2-A324-41A3971E741F}.Release|Any CPU.ActiveCfg = Release|Any CPU
		{778D3235-6638-4FD2-A324-41A3971E741F}.Release|Any CPU.Build.0 = Release|Any CPU
		{01DBE930-712B-4BFB-BF5D-FA144E8B64E4}.Debug|Any CPU.ActiveCfg = Debug|Any CPU
		{01DBE930-712B-4BFB-BF5D-FA144E8B64E4}.Debug|Any CPU.Build.0 = Debug|Any CPU
		{01DBE930-712B-4BFB-BF5D-FA144E8B64E4}.Release|Any CPU.ActiveCfg = Release|Any CPU
		{01DBE930-712B-4BFB-BF5D-FA144E8B64E4}.Release|Any CPU.Build.0 = Release|Any CPU
		{3CDE2FDC-EE61-4FBA-B471-6DEC0A286609}.Debug|Any CPU.ActiveCfg = Debug|Any CPU
		{3CDE2FDC-EE61-4FBA-B471-6DEC0A286609}.Debug|Any CPU.Build.0 = Debug|Any CPU
		{3CDE2FDC-EE61-4FBA-B471-6DEC0A286609}.Release|Any CPU.ActiveCfg = Release|Any CPU
		{3CDE2FDC-EE61-4FBA-B471-6DEC0A286609}.Release|Any CPU.Build.0 = Release|Any CPU
	EndGlobalSection
	GlobalSection(SolutionProperties) = preSolution
		HideSolutionNode = FALSE
	EndGlobalSection
	GlobalSection(NestedProjects) = preSolution
		{778D3235-6638-4FD2-A324-41A3971E741F} = {02EA681E-C7D8-13C7-8484-4AC65E1B71E8}
		{01DBE930-712B-4BFB-BF5D-FA144E8B64E4} = {02EA681E-C7D8-13C7-8484-4AC65E1B71E8}
		{3CDE2FDC-EE61-4FBA-B471-6DEC0A286609} = {02EA681E-C7D8-13C7-8484-4AC65E1B71E8}
	EndGlobalSection
	GlobalSection(ExtensibilityGlobals) = postSolution
		SolutionGuid = {678EAC12-3C5A-4BCC-B2B8-EC04947DAB4D}
	EndGlobalSection
EndGlobal
