
Microsoft Visual Studio Solution File, Format Version 12.00
# Visual Studio Version 17
VisualStudioVersion = 17.14.36623.8 d17.14
MinimumVisualStudioVersion = 10.0.40219.1
Project("{2150E333-8FDC-42A3-9474-1A3956D46DE8}") = "Task0", "Task0", "{02EA681E-C7D8-13C7-8484-4AC65E1B71E8}"
EndProject
Project("{FAE04EC0-301F-11D3-BF4B-00C04F79EFBC}") = "Tyuiu.IvanovSV.Sprint5.Task0.V5", "Tyuiu.IvanovSV.Sprint5.Task0.V5\Tyuiu.IvanovSV.Sprint5.Task0.V5.csproj", "{778D3235-6638-4FD2-A324-41A3971E741F}"
EndProject
Project("{FAE04EC0-301F-11D3-BF4B-00C04F79EFBC}") = "Tyuiu.IvanovSV.Sprint5.Task0.V5.Lib", "Tyuiu.IvanovSV.Sprint5.Task0.V5.Lib\Tyuiu.IvanovSV.Sprint5.Task0.V5.Lib.csproj", "{01DBE930-712B-4BFB-BF5D-FA144E8B64E4}"
EndProject
Project("{FAE04EC0-301F-11D3-BF4B-00C04F79EFBC}") = "Tyuiu.IvanovSV.Sprint5.Task0.V5.Test", "Tyuiu.IvanovSV.Sprint5.Task0.V5.Test\Tyuiu.IvanovSV.Sprint5.Task0.V5.Test.csproj", "{3CDE2FDC-EE61-4FBA-B471-6DEC0A286609}"
EndProject
Project("{2150E333-8FDC-42A3-9474-1A3956D46DE8}") = "Task1", "Task1", "{BBD51762-DE7B-4CE6-933F-C1D72ECD813B}"
EndProject
Project("{FAE04EC0-301F-11D3-BF4B-00C04F79EFBC}") = "Tyuiu.IvanovSV.Sprint5.Task1.V26", "Tyuiu.IvanovSV.Sprint5.Task1.V26\Tyuiu.IvanovSV.Sprint5.Task1.V26.csproj", "{F6AAA652-DEC7-4082-8A4F-E37D0840213D}"
EndProject
Project("{FAE04EC0-301F-11D3-BF4B-00C04F79EFBC}") = "Tyuiu.IvanovSV.Sprint5.Task1.V26.Lib", "Tyuiu.IvanovSV.Sprint5.Task1.V26.Lib\Tyuiu.IvanovSV.Sprint5.Task1.V26.Lib.csproj", "{A737B6D4-79A1-45F0-A329-DC589D090E22}"
EndProject
Project("{FAE04EC0-301F-11D3-BF4B-00C04F79EFBC}") = "Tyuiu.IvanovSV.Sprint5.Task1.V26.Test", "Tyuiu.IvanovSV.Sprint5.Task1.V26.Test\Tyuiu.IvanovSV.Sprint5.Task1.V26.Test.csproj", "{F51BAAFC-AAF3-4F84-9C4F-5575344FBB4A}"
EndProject
Project("{2150E333-8FDC-42A3-9474-1A3956D46DE8}") = "Task2", "Task2", "{3F6D10C9-343B-417F-9866-754B644AB67A}"
EndProject
Project("{2150E333-8FDC-42A3-9474-1A3956D46DE8}") = "Task3", "Task3", "{0D802989-CB14-4887-AB2F-DA734D9E4BB7}"
EndProject
Project("{2150E333-8FDC-42A3-9474-1A3956D46DE8}") = "Task4", "Task4", "{F749E77D-D8E8-47D7-B070-29C4118A09AE}"
EndProject
Project("{2150E333-8FDC-42A3-9474-1A3956D46DE8}") = "Task5", "Task5", "{BAE98D7E-640A-4C33-A916-855F3E1B4ED1}"
EndProject
Project("{2150E333-8FDC-42A3-9474-1A3956D46DE8}") = "Task6", "Task6", "{802E5E24-922E-47E4-B369-A0826F02104E}"
EndProject
Project("{2150E333-8FDC-42A3-9474-1A3956D46DE8}") = "Task7", "Task7", "{B564E844-B396-413E-8A8A-48EC3155011D}"
EndProject
Project("{FAE04EC0-301F-11D3-BF4B-00C04F79EFBC}") = "Tyuiu.IvanovSV.Sprint5.Task2.V3", "Tyuiu.IvanovSV.Sprint5.Task2.V3\Tyuiu.IvanovSV.Sprint5.Task2.V3.csproj", "{4593A8E8-68DE-496F-9590-DE760F22E9C5}"
EndProject
Project("{FAE04EC0-301F-11D3-BF4B-00C04F79EFBC}") = "Tyuiu.IvanovSV.Sprint5.Task2.V3.Lib", "Tyuiu.IvanovSV.Sprint5.Task2.V3.Lib\Tyuiu.IvanovSV.Sprint5.Task2.V3.Lib.csproj", "{86851E29-3C30-4C54-859C-23662F1AECC3}"
EndProject
Project("{FAE04EC0-301F-11D3-BF4B-00C04F79EFBC}") = "Tyuiu.IvanovSV.Sprint5.Task2.V3.Test", "Tyuiu.IvanovSV.Sprint5.Task2.V3.Test\Tyuiu.IvanovSV.Sprint5.Task2.V3.Test.csproj", "{32178051-D67D-4C01-9F33-740B216EF564}"
EndProject
Global
	GlobalSection(SolutionConfigurationPlatforms) = preSolution
		Debug|Any CPU = Debug|Any CPU
		Release|Any CPU = Release|Any CPU
	EndGlobalSection
	GlobalSection(ProjectConfigurationPlatforms) = postSolution
		{778D3235-6638-4FD2-A324-41A3971E741F}.Debug|Any CPU.ActiveCfg = Debug|Any CPU
		{778D3235-6638-4FD2-A324-41A3971E741F}.Debug|Any CPU.Build.0 = Debug|Any CPU
		{778D3235-6638-4FD2-A324-41A3971E741F}.Release|Any CPU.ActiveCfg = Release|Any CPU
		{778D3235-6638-4FD2-A324-41A3971E741F}.Release|Any CPU.Build.0 = Release|Any CPU
		{01DBE930-712B-4BFB-BF5D-FA144E8B64E4}.Debug|Any CPU.ActiveCfg = Debug|Any CPU
		{01DBE930-712B-4BFB-BF5D-FA144E8B64E4}.Debug|Any CPU.Build.0 = Debug|Any CPU
		{01DBE930-712B-4BFB-BF5D-FA144E8B64E4}.Release|Any CPU.ActiveCfg = Release|Any CPU
		{01DBE930-712B-4BFB-BF5D-FA144E8B64E4}.Release|Any CPU.Build.0 = Release|Any CPU
		{3CDE2FDC-EE61-4FBA-B471-6DEC0A286609}.Debug|Any CPU.ActiveCfg = Debug|Any CPU
		{3CDE2FDC-EE61-4FBA-B471-6DEC0A286609}.Debug|Any CPU.Build.0 = Debug|Any CPU
		{3CDE2FDC-EE61-4FBA-B471-6DEC0A286609}.Release|Any CPU.ActiveCfg = Release|Any CPU
		{3CDE2FDC-EE61-4FBA-B471-6DEC0A286609}.Release|Any CPU.Build.0 = Release|Any CPU
		{F6AAA652-DEC7-4082-8A4F-E37D0840213D}.Debug|Any CPU.ActiveCfg = Debug|Any CPU
		{F6AAA652-DEC7-4082-8A4F-E37D0840213D}.Debug|Any CPU.Build.0 = Debug|Any CPU
		{F6AAA652-DEC7-4082-8A4F-E37D0840213D}.Release|Any CPU.ActiveCfg = Release|Any CPU
		{F6AAA652-DEC7-4082-8A4F-E37D0840213D}.Release|Any CPU.Build.0 = Release|Any CPU
		{A737B6D4-79A1-45F0-A329-DC589D090E22}.Debug|Any CPU.ActiveCfg = Debug|Any CPU
		{A737B6D4-79A1-45F0-A329-DC589D090E22}.Debug|Any CPU.Build.0 = Debug|Any CPU
		{A737B6D4-79A1-45F0-A329-DC589D090E22}.Release|Any CPU.ActiveCfg = Release|Any CPU
		{A737B6D4-79A1-45F0-A329-DC589D090E22}.Release|Any CPU.Build.0 = Release|Any CPU
		{F51BAAFC-AAF3-4F84-9C4F-5575344FBB4A}.Debug|Any CPU.ActiveCfg = Debug|Any CPU
		{F51BAAFC-AAF3-4F84-9C4F-5575344FBB4A}.Debug|Any CPU.Build.0 = Debug|Any CPU
		{F51BAAFC-AAF3-4F84-9C4F-5575344FBB4A}.Release|Any CPU.ActiveCfg = Release|Any CPU
		{F51BAAFC-AAF3-4F84-9C4F-5575344FBB4A}.Release|Any CPU.Build.0 = Release|Any CPU
		{4593A8E8-68DE-496F-9590-DE760F22E9C5}.Debug|Any CPU.ActiveCfg = Debug|Any CPU
		{4593A8E8-68DE-496F-9590-DE760F22E9C5}.Debug|Any CPU.Build.0 = Debug|Any CPU
		{4593A8E8-68DE-496F-9590-DE760F22E9C5}.Release|Any CPU.ActiveCfg = Release|Any CPU
		{4593A8E8-68DE-496F-9590-DE760F22E9C5}.Release|Any CPU.Build.0 = Release|Any CPU
		{86851E29-3C30-4C54-859C-23662F1AECC3}.Debug|Any CPU.ActiveCfg = Debug|Any CPU
		{86851E29-3C30-4C54-859C-23662F1AECC3}.Debug|Any CPU.Build.0 = Debug|Any CPU
		{86851E29-3C30-4C54-859C-23662F1AECC3}.Release|Any CPU.ActiveCfg = Release|Any CPU
		{86851E29-3C30-4C54-859C-23662F1AECC3}.Release|Any CPU.Build.0 = Release|Any CPU
		{32178051-D67D-4C01-9F33-740B216EF564}.Debug|Any CPU.ActiveCfg = Debug|Any CPU
		{32178051-D67D-4C01-9F33-740B216EF564}.Debug|Any CPU.Build.0 = Debug|Any CPU
		{32178051-D67D-4C01-9F33-740B216EF564}.Release|Any CPU.ActiveCfg = Release|Any CPU
		{32178051-D67D-4C01-9F33-740B216EF564}.Release|Any CPU.Build.0 = Release|Any CPU
	EndGlobalSection
	GlobalSection(SolutionProperties) = preSolution
		HideSolutionNode = FALSE
	EndGlobalSection
	GlobalSection(NestedProjects) = preSolution
		{778D3235-6638-4FD2-A324-41A3971E741F} = {02EA681E-C7D8-13C7-8484-4AC65E1B71E8}
		{01DBE930-712B-4BFB-BF5D-FA144E8B64E4} = {02EA681E-C7D8-13C7-8484-4AC65E1B71E8}
		{3CDE2FDC-EE61-4FBA-B471-6DEC0A286609} = {02EA681E-C7D8-13C7-8484-4AC65E1B71E8}
		{F6AAA652-DEC7-4082-8A4F-E37D0840213D} = {BBD51762-DE7B-4CE6-933F-C1D72ECD813B}
		{A737B6D4-79A1-45F0-A329-DC589D090E22} = {BBD51762-DE7B-4CE6-933F-C1D72ECD813B}
		{F51BAAFC-AAF3-4F84-9C4F-5575344FBB4A} = {BBD51762-DE7B-4CE6-933F-C1D72ECD813B}
		{4593A8E8-68DE-496F-9590-DE760F22E9C5} = {3F6D10C9-343B-417F-9866-754B644AB67A}
		{86851E29-3C30-4C54-859C-23662F1AECC3} = {3F6D10C9-343B-417F-9866-754B644AB67A}
		{32178051-D67D-4C01-9F33-740B216EF564} = {3F6D10C9-343B-417F-9866-754B644AB67A}
	EndGlobalSection
	GlobalSection(ExtensibilityGlobals) = postSolution
		SolutionGuid = {678EAC12-3C5A-4BCC-B2B8-EC04947DAB4D}
	EndGlobalSection
EndGlobal
